
Microsoft Visual Studio Solution File, Format Version 12.00
# Visual Studio Version 17
VisualStudioVersion = 17.3.32811.315
MinimumVisualStudioVersion = 10.0.40219.1
Project("{9A19103F-16F7-4668-BE54-9A1E7A4F7556}") = "Introduktion", "Introduktion\Introduktion.csproj", "{A7614A9D-8173-43BF-AC84-A694D1E393D7}"
EndProject
Project("{9A19103F-16F7-4668-BE54-9A1E7A4F7556}") = "Övningar", "VSDemo\Övningar.csproj", "{C03BF992-AF99-4681-A1E8-9B9C0466226B}"
EndProject
Project("{9A19103F-16F7-4668-BE54-9A1E7A4F7556}") = "Variabler", "Variabler\Variabler.csproj", "{FDB3ED39-E2F4-42D0-8866-619FF6FD0605}"
EndProject
Project("{FAE04EC0-301F-11D3-BF4B-00C04F79EFBC}") = "Loopar", "Loopar\Loopar.csproj", "{0AEDDD8F-035C-42A9-A525-6CC3F5BA9937}"
EndProject
Global
	GlobalSection(SolutionConfigurationPlatforms) = preSolution
		Debug|Any CPU = Debug|Any CPU
		Release|Any CPU = Release|Any CPU
	EndGlobalSection
	GlobalSection(ProjectConfigurationPlatforms) = postSolution
		{A7614A9D-8173-43BF-AC84-A694D1E393D7}.Debug|Any CPU.ActiveCfg = Debug|Any CPU
		{A7614A9D-8173-43BF-AC84-A694D1E393D7}.Debug|Any CPU.Build.0 = Debug|Any CPU
		{A7614A9D-8173-43BF-AC84-A694D1E393D7}.Release|Any CPU.ActiveCfg = Release|Any CPU
		{A7614A9D-8173-43BF-AC84-A694D1E393D7}.Release|Any CPU.Build.0 = Release|Any CPU
		{C03BF992-AF99-4681-A1E8-9B9C0466226B}.Debug|Any CPU.ActiveCfg = Debug|Any CPU
		{C03BF992-AF99-4681-A1E8-9B9C0466226B}.Debug|Any CPU.Build.0 = Debug|Any CPU
		{C03BF992-AF99-4681-A1E8-9B9C0466226B}.Release|Any CPU.ActiveCfg = Release|Any CPU
		{C03BF992-AF99-4681-A1E8-9B9C0466226B}.Release|Any CPU.Build.0 = Release|Any CPU
		{FDB3ED39-E2F4-42D0-8866-619FF6FD0605}.Debug|Any CPU.ActiveCfg = Debug|Any CPU
		{FDB3ED39-E2F4-42D0-8866-619FF6FD0605}.Debug|Any CPU.Build.0 = Debug|Any CPU
		{FDB3ED39-E2F4-42D0-8866-619FF6FD0605}.Release|Any CPU.ActiveCfg = Release|Any CPU
		{FDB3ED39-E2F4-42D0-8866-619FF6FD0605}.Release|Any CPU.Build.0 = Release|Any CPU
		{0AEDDD8F-035C-42A9-A525-6CC3F5BA9937}.Debug|Any CPU.ActiveCfg = Debug|Any CPU
		{0AEDDD8F-035C-42A9-A525-6CC3F5BA9937}.Debug|Any CPU.Build.0 = Debug|Any CPU
		{0AEDDD8F-035C-42A9-A525-6CC3F5BA9937}.Release|Any CPU.ActiveCfg = Release|Any CPU
		{0AEDDD8F-035C-42A9-A525-6CC3F5BA9937}.Release|Any CPU.Build.0 = Release|Any CPU
	EndGlobalSection
	GlobalSection(SolutionProperties) = preSolution
		HideSolutionNode = FALSE
	EndGlobalSection
	GlobalSection(ExtensibilityGlobals) = postSolution
		SolutionGuid = {598C3DE3-FAB0-4A63-B8E3-4BAC3EF87CA0}
	EndGlobalSection
EndGlobal
